
Microsoft Visual Studio Solution File, Format Version 12.00
# Visual Studio Version 17
VisualStudioVersion = 17.8.34330.188
MinimumVisualStudioVersion = 10.0.40219.1
Project("{FAE04EC0-301F-11D3-BF4B-00C04F79EFBC}") = "SingalR_POC", "SingalR_POC\SingalR_POC.csproj", "{A7DF7669-AEF1-42BB-AB1A-7841D07E1735}"
EndProject
Global
	GlobalSection(SolutionConfigurationPlatforms) = preSolution
		Debug|Any CPU = Debug|Any CPU
		Release|Any CPU = Release|Any CPU
	EndGlobalSection
	GlobalSection(ProjectConfigurationPlatforms) = postSolution
		{A7DF7669-AEF1-42BB-AB1A-7841D07E1735}.Debug|Any CPU.ActiveCfg = Debug|Any CPU
		{A7DF7669-AEF1-42BB-AB1A-7841D07E1735}.Debug|Any CPU.Build.0 = Debug|Any CPU
		{A7DF7669-AEF1-42BB-AB1A-7841D07E1735}.Release|Any CPU.ActiveCfg = Release|Any CPU
		{A7DF7669-AEF1-42BB-AB1A-7841D07E1735}.Release|Any CPU.Build.0 = Release|Any CPU
	EndGlobalSection
	GlobalSection(SolutionProperties) = preSolution
		HideSolutionNode = FALSE
	EndGlobalSection
	GlobalSection(ExtensibilityGlobals) = postSolution
		SolutionGuid = {ED9E5FE1-47CD-4F1A-9A05-DF42E7DD029C}
	EndGlobalSection
EndGlobal
